github.com/boombuler/barcode v1.0.0/go.mod h1:paBWMcWSl3LHKBqUq+rly7CNSldXjb2rDl3JlRe0mD8=
github.com/davecgh/go-spew v1.1.0/go.mod h1:J7Y8YcW2NihsgmVo/mv3lAwl/skON4iLHjSsI+c5H38=
github.com/hhrutter/pdfcpu v0.1.23 h1:2o2/3fzcgfewTkVBtzoL1kDbQEYtl8iF79OL18ZpbBg=
github.com/hhrutter/pdfcpu v0.1.23/go.mod h1:vRp7lzKvxF4+7VgBPjNxSuArQafA247dnd1LepVM+DE=
github.com/jung-kurt/gofpdf v1.0.0/go.mod h1:7Id9E/uU8ce6rXgefFLlgrJj/GYY22cpxn+r32jIOes=
github.com/jung-kurt/gofpdf v1.4.1 h1:RijSEd5RVSbkBr7iHdpNLyYlxtHvrbiC9FqffN5hVb4=
github.com/jung-kurt/gofpdf v1.4.1/go.mod h1:rZsO0wEsunjT/L9stF3fJjYbAHgqNYuQB4B8FWvBck0=
github.com/phpdave11/gofpdi v0.0.0-20190515222211-ff33a16c2f90 h1:l4TQCqpCTGuEZ+xdRv/3d0Vk7Lv4V0l5aNi22UKZRNI=
github.com/phpdave11/gofpdi v0.0.0-20190515222211-ff33a16c2f90/go.mod h1:B7ryN7q4MLItB8BDM5PJAplblJegAAcaI98viOZUihg=
github.com/phpdave11/gopdf v0.9.0 h1:g/8NzhCNAR8GDzL67TPso6KzDitMvldFHxC1iCF8Bos=
github.com/phpdave11/gopdf v0.9.0/go.mod h1:SGkcqxl2qDx/qUUOz8WUDlT/i1M/mha15j+tnRMlFHU=
github.com/pkg/errors v0.8.1 h1:iURUrRGxPUNPdy5/HRSm+Yj6okJ6UtLINN0Q9M4+h3I=
github.com/pkg/errors v0.8.1/go.mod h1:bwawxfHBFNV+L2hUp1rHADufV3IMtnDRdf1r5NINEl0=
github.com/pmezard/go-difflib v1.0.0/go.mod h1:iKH77koFhYxTK1pcRnkKkqfTogsbg7gZNVY4sRDYZ/4=
github.com/ruudk/golang-pdf417 v0.0.0-20181029194003-1af4ab5afa58/go.mod h1:6lfFZQK844Gfx8o5WFuvpxWRwnSoipWe/p622j1v06w=
github.com/signintech/gopdf v0.9.1 h1:+lGkICPWQobTA7+I80z52gUHUgtc1/RYKa+nhPcSV1Y=
github.com/signintech/gopdf v0.9.1/go.mod h1:qAvaomt5ROc/Z2zWrEMm64J0238bPhtkpbtlv1WZjtQ=
github.com/stretchr/testify v1.2.2/go.mod h1:a8OnRcib4nhh0OaRAV+Yts87kKdq0PP7pXfy6kDkUVs=
github.com/zserge/lorca v0.1.7 h1:TqKW2m7OcMo/pBuzCcnMhHY5xX7to24yrwn5KAorci4=
github.com/zserge/lorca v0.1.7/go.mod h1:gTrVdXKyWxNhc8aUb1Uu3s0mY343arR1T6jUtxmBxR8=
golang.org/x/image v0.0.0-20190507092727-e4e5bf290fec/go.mod h1:kZ7UVZpmo3dzQBMxlp+ypCbDeSB+sBbTgSJuh5dn5js=
golang.org/x/net v0.0.0-20181102091132-c10e9556a7bc h1:ZMCWScCvS2fUVFw8LOpxyUUW5qiviqr4Dg5NdjLeiLU=
golang.org/x/net v0.0.0-20181102091132-c10e9556a7bc/go.mod h1:mL1N/T3taQHkDXs73rZJwtUhF3w3ftmwwsq0BUmARs4=
golang.org/x/text v0.3.0/go.mod h1:NqM8EUOU14njkJ3fqMW+pc6Ldnwhi/IjpwHt7yyuwOQ=
